
Microsoft Visual Studio Solution File, Format Version 12.00
# Visual Studio Version 17
VisualStudioVersion = 17.5.33402.96
MinimumVisualStudioVersion = 10.0.40219.1
Project("{9A19103F-16F7-4668-BE54-9A1E7A4F7556}") = "BouncySphere", "BouncySphere.csproj", "{727748FA-85D2-4C9B-ACD7-25F5F4608B64}"
EndProject
Project("{2150E333-8FDC-42A3-9474-1A3956D46DE8}") = "Solution Items", "Solution Items", "{445F92C7-6355-4184-9180-B96ECC3BCEF1}"
	ProjectSection(SolutionItems) = preProject
		EntityProjects.yaml = EntityProjects.yaml
	EndProjectSection
EndProject
Global
	GlobalSection(SolutionConfigurationPlatforms) = preSolution
		Debug|Any CPU = Debug|Any CPU
		Release|Any CPU = Release|Any CPU
	EndGlobalSection
	GlobalSection(ProjectConfigurationPlatforms) = postSolution
		{727748FA-85D2-4C9B-ACD7-25F5F4608B64}.Debug|Any CPU.ActiveCfg = Debug|Any CPU
		{727748FA-85D2-4C9B-ACD7-25F5F4608B64}.Debug|Any CPU.Build.0 = Debug|Any CPU
		{727748FA-85D2-4C9B-ACD7-25F5F4608B64}.Release|Any CPU.ActiveCfg = Release|Any CPU
		{727748FA-85D2-4C9B-ACD7-25F5F4608B64}.Release|Any CPU.Build.0 = Release|Any CPU
	EndGlobalSection
	GlobalSection(SolutionProperties) = preSolution
		HideSolutionNode = FALSE
	EndGlobalSection
	GlobalSection(ExtensibilityGlobals) = postSolution
		SolutionGuid = {365D6271-AC84-4B92-8C2F-633E6DCFF968}
	EndGlobalSection
EndGlobal
